
Microsoft Visual Studio Solution File, Format Version 12.00
# Visual Studio Version 17
VisualStudioVersion = 17.8.34330.188
MinimumVisualStudioVersion = 10.0.40219.1
Project("{FAE04EC0-301F-11D3-BF4B-00C04F79EFBC}") = "LinQ(15-12-2023)", "LinQ(15-12-2023)\LinQ(15-12-2023).csproj", "{731F0EBF-32E4-4A9F-86CD-43E21FD77C3F}"
EndProject
Global
	GlobalSection(SolutionConfigurationPlatforms) = preSolution
		Debug|Any CPU = Debug|Any CPU
		Release|Any CPU = Release|Any CPU
	EndGlobalSection
	GlobalSection(ProjectConfigurationPlatforms) = postSolution
		{731F0EBF-32E4-4A9F-86CD-43E21FD77C3F}.Debug|Any CPU.ActiveCfg = Debug|Any CPU
		{731F0EBF-32E4-4A9F-86CD-43E21FD77C3F}.Debug|Any CPU.Build.0 = Debug|Any CPU
		{731F0EBF-32E4-4A9F-86CD-43E21FD77C3F}.Release|Any CPU.ActiveCfg = Release|Any CPU
		{731F0EBF-32E4-4A9F-86CD-43E21FD77C3F}.Release|Any CPU.Build.0 = Release|Any CPU
	EndGlobalSection
	GlobalSection(SolutionProperties) = preSolution
		HideSolutionNode = FALSE
	EndGlobalSection
	GlobalSection(ExtensibilityGlobals) = postSolution
		SolutionGuid = {6AAC4D6E-BC7B-4E71-A3DB-19122E81FC28}
	EndGlobalSection
EndGlobal
